// !$*UTF8*$!
{
	archiveVersion = 1;
	classes = {
	};
	objectVersion = 56;
	objects = {

/* Begin PBXBuildFile section */
		AA0001 /* FemFitApp.swift in Sources */ = {isa = PBXBuildFile; fileRef = BB0001 /* FemFitApp.swift */; };
		AA0002 /* ContentView.swift in Sources */ = {isa = PBXBuildFile; fileRef = BB0002 /* ContentView.swift */; };
		AA0003 /* Assets.xcassets in Resources */ = {isa = PBXBuildFile; fileRef = BB0003 /* Assets.xcassets */; };
		AA0004 /* Preview Assets.xcassets in Resources */ = {isa = PBXBuildFile; fileRef = BB0004 /* Preview Assets.xcassets */; };
		AA0005 /* Config.plist in Resources */ = {isa = PBXBuildFile; fileRef = BB0005 /* Config.plist */; };

		/* Models */
		AA0010 /* UserProfile.swift in Sources */ = {isa = PBXBuildFile; fileRef = BB0010 /* UserProfile.swift */; };
		AA0011 /* CycleData.swift in Sources */ = {isa = PBXBuildFile; fileRef = BB0011 /* CycleData.swift */; };
		AA0012 /* JournalEntry.swift in Sources */ = {isa = PBXBuildFile; fileRef = BB0012 /* JournalEntry.swift */; };
		AA0013 /* WorkoutPlan.swift in Sources */ = {isa = PBXBuildFile; fileRef = BB0013 /* WorkoutPlan.swift */; };
		AA0014 /* MealPlan.swift in Sources */ = {isa = PBXBuildFile; fileRef = BB0014 /* MealPlan.swift */; };

		/* Services */
		AA0020 /* OpenAIService.swift in Sources */ = {isa = PBXBuildFile; fileRef = BB0020 /* OpenAIService.swift */; };

		/* Views */
		AA0030 /* OnboardingView.swift in Sources */ = {isa = PBXBuildFile; fileRef = BB0030 /* OnboardingView.swift */; };
		AA0031 /* CalendarView.swift in Sources */ = {isa = PBXBuildFile; fileRef = BB0031 /* CalendarView.swift */; };
		AA0032 /* WorkoutGeneratorView.swift in Sources */ = {isa = PBXBuildFile; fileRef = BB0032 /* WorkoutGeneratorView.swift */; };
		AA0033 /* WorkoutListView.swift in Sources */ = {isa = PBXBuildFile; fileRef = BB0033 /* WorkoutListView.swift */; };
		AA0034 /* WorkoutDetailView.swift in Sources */ = {isa = PBXBuildFile; fileRef = BB0034 /* WorkoutDetailView.swift */; };
		AA0035 /* ActiveWorkoutView.swift in Sources */ = {isa = PBXBuildFile; fileRef = BB0035 /* ActiveWorkoutView.swift */; };
		AA0036 /* MealPlanGeneratorView.swift in Sources */ = {isa = PBXBuildFile; fileRef = BB0036 /* MealPlanGeneratorView.swift */; };
		AA0037 /* MealPlanListView.swift in Sources */ = {isa = PBXBuildFile; fileRef = BB0037 /* MealPlanListView.swift */; };
		AA0038 /* MealPlanDetailView.swift in Sources */ = {isa = PBXBuildFile; fileRef = BB0038 /* MealPlanDetailView.swift */; };
		AA0039 /* JournalView.swift in Sources */ = {isa = PBXBuildFile; fileRef = BB0039 /* JournalView.swift */; };
		AA0040 /* JournalEntryDetailView.swift in Sources */ = {isa = PBXBuildFile; fileRef = BB0040 /* JournalEntryDetailView.swift */; };
		AA0041 /* ProfileView.swift in Sources */ = {isa = PBXBuildFile; fileRef = BB0041 /* ProfileView.swift */; };
		AA0042 /* InsightsView.swift in Sources */ = {isa = PBXBuildFile; fileRef = BB0042 /* InsightsView.swift */; };
/* End PBXBuildFile section */

/* Begin PBXFileReference section */
		CC0001 /* FemFit.app */ = {isa = PBXFileReference; explicitFileType = wrapper.application; includeInIndex = 0; path = FemFit.app; sourceTree = BUILT_PRODUCTS_DIR; };
		BB0001 /* FemFitApp.swift */ = {isa = PBXFileReference; lastKnownFileType = sourcecode.swift; path = FemFitApp.swift; sourceTree = "<group>"; };
		BB0002 /* ContentView.swift */ = {isa = PBXFileReference; lastKnownFileType = sourcecode.swift; path = ContentView.swift; sourceTree = "<group>"; };
		BB0003 /* Assets.xcassets */ = {isa = PBXFileReference; lastKnownFileType = folder.assetcatalog; path = Assets.xcassets; sourceTree = "<group>"; };
		BB0004 /* Preview Assets.xcassets */ = {isa = PBXFileReference; lastKnownFileType = folder.assetcatalog; path = "Preview Assets.xcassets"; sourceTree = "<group>"; };
		BB0005 /* Config.plist */ = {isa = PBXFileReference; lastKnownFileType = text.plist.xml; path = Config.plist; sourceTree = "<group>"; };

		/* Models */
		BB0010 /* UserProfile.swift */ = {isa = PBXFileReference; lastKnownFileType = sourcecode.swift; path = UserProfile.swift; sourceTree = "<group>"; };
		BB0011 /* CycleData.swift */ = {isa = PBXFileReference; lastKnownFileType = sourcecode.swift; path = CycleData.swift; sourceTree = "<group>"; };
		BB0012 /* JournalEntry.swift */ = {isa = PBXFileReference; lastKnownFileType = sourcecode.swift; path = JournalEntry.swift; sourceTree = "<group>"; };
		BB0013 /* WorkoutPlan.swift */ = {isa = PBXFileReference; lastKnownFileType = sourcecode.swift; path = WorkoutPlan.swift; sourceTree = "<group>"; };
		BB0014 /* MealPlan.swift */ = {isa = PBXFileReference; lastKnownFileType = sourcecode.swift; path = MealPlan.swift; sourceTree = "<group>"; };

		/* Services */
		BB0020 /* OpenAIService.swift */ = {isa = PBXFileReference; lastKnownFileType = sourcecode.swift; path = OpenAIService.swift; sourceTree = "<group>"; };

		/* Views */
		BB0030 /* OnboardingView.swift */ = {isa = PBXFileReference; lastKnownFileType = sourcecode.swift; path = OnboardingView.swift; sourceTree = "<group>"; };
		BB0031 /* CalendarView.swift */ = {isa = PBXFileReference; lastKnownFileType = sourcecode.swift; path = CalendarView.swift; sourceTree = "<group>"; };
		BB0032 /* WorkoutGeneratorView.swift */ = {isa = PBXFileReference; lastKnownFileType = sourcecode.swift; path = WorkoutGeneratorView.swift; sourceTree = "<group>"; };
		BB0033 /* WorkoutListView.swift */ = {isa = PBXFileReference; lastKnownFileType = sourcecode.swift; path = WorkoutListView.swift; sourceTree = "<group>"; };
		BB0034 /* WorkoutDetailView.swift */ = {isa = PBXFileReference; lastKnownFileType = sourcecode.swift; path = WorkoutDetailView.swift; sourceTree = "<group>"; };
		BB0035 /* ActiveWorkoutView.swift */ = {isa = PBXFileReference; lastKnownFileType = sourcecode.swift; path = ActiveWorkoutView.swift; sourceTree = "<group>"; };
		BB0036 /* MealPlanGeneratorView.swift */ = {isa = PBXFileReference; lastKnownFileType = sourcecode.swift; path = MealPlanGeneratorView.swift; sourceTree = "<group>"; };
		BB0037 /* MealPlanListView.swift */ = {isa = PBXFileReference; lastKnownFileType = sourcecode.swift; path = MealPlanListView.swift; sourceTree = "<group>"; };
		BB0038 /* MealPlanDetailView.swift */ = {isa = PBXFileReference; lastKnownFileType = sourcecode.swift; path = MealPlanDetailView.swift; sourceTree = "<group>"; };
		BB0039 /* JournalView.swift */ = {isa = PBXFileReference; lastKnownFileType = sourcecode.swift; path = JournalView.swift; sourceTree = "<group>"; };
		BB0040 /* JournalEntryDetailView.swift */ = {isa = PBXFileReference; lastKnownFileType = sourcecode.swift; path = JournalEntryDetailView.swift; sourceTree = "<group>"; };
		BB0041 /* ProfileView.swift */ = {isa = PBXFileReference; lastKnownFileType = sourcecode.swift; path = ProfileView.swift; sourceTree = "<group>"; };
		BB0042 /* InsightsView.swift */ = {isa = PBXFileReference; lastKnownFileType = sourcecode.swift; path = InsightsView.swift; sourceTree = "<group>"; };
/* End PBXFileReference section */

/* Begin PBXFrameworksBuildPhase section */
		DD0001 /* Frameworks */ = {
			isa = PBXFrameworksBuildPhase;
			buildActionMask = 2147483647;
			files = (
			);
			runOnlyForDeploymentPostprocessing = 0;
		};
/* End PBXFrameworksBuildPhase section */

/* Begin PBXGroup section */
		EE0001 = {
			isa = PBXGroup;
			children = (
				EE0002 /* FemFit */,
				EE0003 /* Products */,
			);
			sourceTree = "<group>";
		};
		EE0002 /* FemFit */ = {
			isa = PBXGroup;
			children = (
				BB0001 /* FemFitApp.swift */,
				BB0002 /* ContentView.swift */,
				EE0004 /* Models */,
				EE0005 /* Views */,
				EE0006 /* Services */,
				BB0005 /* Config.plist */,
				BB0003 /* Assets.xcassets */,
				EE0007 /* Preview Content */,
			);
			path = FemFit;
			sourceTree = "<group>";
		};
		EE0003 /* Products */ = {
			isa = PBXGroup;
			children = (
				CC0001 /* FemFit.app */,
			);
			name = Products;
			sourceTree = "<group>";
		};
		EE0004 /* Models */ = {
			isa = PBXGroup;
			children = (
				BB0010 /* UserProfile.swift */,
				BB0011 /* CycleData.swift */,
				BB0012 /* JournalEntry.swift */,
				BB0013 /* WorkoutPlan.swift */,
				BB0014 /* MealPlan.swift */,
			);
			path = Models;
			sourceTree = "<group>";
		};
		EE0005 /* Views */ = {
			isa = PBXGroup;
			children = (
				BB0030 /* OnboardingView.swift */,
				BB0031 /* CalendarView.swift */,
				BB0032 /* WorkoutGeneratorView.swift */,
				BB0033 /* WorkoutListView.swift */,
				BB0034 /* WorkoutDetailView.swift */,
				BB0035 /* ActiveWorkoutView.swift */,
				BB0036 /* MealPlanGeneratorView.swift */,
				BB0037 /* MealPlanListView.swift */,
				BB0038 /* MealPlanDetailView.swift */,
				BB0039 /* JournalView.swift */,
				BB0040 /* JournalEntryDetailView.swift */,
				BB0041 /* ProfileView.swift */,
				BB0042 /* InsightsView.swift */,
			);
			path = Views;
			sourceTree = "<group>";
		};
		EE0006 /* Services */ = {
			isa = PBXGroup;
			children = (
				BB0020 /* OpenAIService.swift */,
			);
			path = Services;
			sourceTree = "<group>";
		};
		EE0007 /* Preview Content */ = {
			isa = PBXGroup;
			children = (
				BB0004 /* Preview Assets.xcassets */,
			);
			path = "Preview Content";
			sourceTree = "<group>";
		};
/* End PBXGroup section */

/* Begin PBXNativeTarget section */
		FF0001 /* FemFit */ = {
			isa = PBXNativeTarget;
			buildConfigurationList = FF0002 /* Build configuration list for PBXNativeTarget "FemFit" */;
			buildPhases = (
				FF0003 /* Sources */,
				DD0001 /* Frameworks */,
				FF0004 /* Resources */,
			);
			buildRules = (
			);
			dependencies = (
			);
			name = FemFit;
			productName = FemFit;
			productReference = CC0001 /* FemFit.app */;
			productType = "com.apple.product-type.application";
		};
/* End PBXNativeTarget section */

/* Begin PBXProject section */
		GG0001 /* Project object */ = {
			isa = PBXProject;
			attributes = {
				BuildIndependentTargetsInParallel = 1;
				LastSwiftUpdateCheck = 1500;
				LastUpgradeCheck = 1500;
				TargetAttributes = {
					FF0001 = {
						CreatedOnToolsVersion = 15.0;
					};
				};
			};
			buildConfigurationList = GG0002 /* Build configuration list for PBXProject "FemFit" */;
			compatibilityVersion = "Xcode 14.0";
			developmentRegion = en;
			hasScannedForEncodings = 0;
			knownRegions = (
				en,
				Base,
			);
			mainGroup = EE0001;
			productRefGroup = EE0003 /* Products */;
			projectDirPath = "";
			projectRoot = "";
			targets = (
				FF0001 /* FemFit */,
			);
		};
/* End PBXProject section */

/* Begin PBXResourcesBuildPhase section */
		FF0004 /* Resources */ = {
			isa = PBXResourcesBuildPhase;
			buildActionMask = 2147483647;
			files = (
				AA0004 /* Preview Assets.xcassets in Resources */,
				AA0003 /* Assets.xcassets in Resources */,
				AA0005 /* Config.plist in Resources */,
			);
			runOnlyForDeploymentPostprocessing = 0;
		};
/* End PBXResourcesBuildPhase section */

/* Begin PBXSourcesBuildPhase section */
		FF0003 /* Sources */ = {
			isa = PBXSourcesBuildPhase;
			buildActionMask = 2147483647;
			files = (
				AA0002 /* ContentView.swift in Sources */,
				AA0001 /* FemFitApp.swift in Sources */,
				AA0010 /* UserProfile.swift in Sources */,
				AA0011 /* CycleData.swift in Sources */,
				AA0012 /* JournalEntry.swift in Sources */,
				AA0013 /* WorkoutPlan.swift in Sources */,
				AA0014 /* MealPlan.swift in Sources */,
				AA0020 /* OpenAIService.swift in Sources */,
				AA0030 /* OnboardingView.swift in Sources */,
				AA0031 /* CalendarView.swift in Sources */,
				AA0032 /* WorkoutGeneratorView.swift in Sources */,
				AA0033 /* WorkoutListView.swift in Sources */,
				AA0034 /* WorkoutDetailView.swift in Sources */,
				AA0035 /* ActiveWorkoutView.swift in Sources */,
				AA0036 /* MealPlanGeneratorView.swift in Sources */,
				AA0037 /* MealPlanListView.swift in Sources */,
				AA0038 /* MealPlanDetailView.swift in Sources */,
				AA0039 /* JournalView.swift in Sources */,
				AA0040 /* JournalEntryDetailView.swift in Sources */,
				AA0041 /* ProfileView.swift in Sources */,
				AA0042 /* InsightsView.swift in Sources */,
			);
			runOnlyForDeploymentPostprocessing = 0;
		};
/* End PBXSourcesBuildPhase section */

/* Begin XCBuildConfiguration section */
		HH0001 /* Debug */ = {
			isa = XCBuildConfiguration;
			buildSettings = {
				ALWAYS_SEARCH_USER_PATHS = NO;
				ASSETCATALOG_COMPILER_GENERATE_SWIFT_ASSET_SYMBOL_EXTENSIONS = YES;
				CLANG_ANALYZER_NONNULL = YES;
				CLANG_ANALYZER_NUMBER_OBJECT_CONVERSION = YES_AGGRESSIVE;
				CLANG_CXX_LANGUAGE_STANDARD = "gnu++20";
				CLANG_ENABLE_MODULES = YES;
				CLANG_ENABLE_OBJC_ARC = YES;
				CLANG_ENABLE_OBJC_WEAK = YES;
				CLANG_WARN_BLOCK_CAPTURE_AUTORELEASING = YES;
				CLANG_WARN_BOOL_CONVERSION = YES;
				CLANG_WARN_COMMA = YES;
				CLANG_WARN_CONSTANT_CONVERSION = YES;
				CLANG_WARN_DEPRECATED_OBJC_IMPLEMENTATIONS = YES;
				CLANG_WARN_DIRECT_OBJC_ISA_USAGE = YES_ERROR;
				CLANG_WARN_DOCUMENTATION_COMMENTS = YES;
				CLANG_WARN_EMPTY_BODY = YES;
				CLANG_WARN_ENUM_CONVERSION = YES;
				CLANG_WARN_INFINITE_RECURSION = YES;
				CLANG_WARN_INT_CONVERSION = YES;
				CLANG_WARN_NON_LITERAL_NULL_CONVERSION = YES;
				CLANG_WARN_OBJC_IMPLICIT_RETAIN_SELF = YES;
				CLANG_WARN_OBJC_LITERAL_CONVERSION = YES;
				CLANG_WARN_OBJC_ROOT_CLASS = YES_ERROR;
				CLANG_WARN_QUOTED_INCLUDE_IN_FRAMEWORK_HEADER = YES;
				CLANG_WARN_RANGE_LOOP_ANALYSIS = YES;
				CLANG_WARN_STRICT_PROTOTYPES = YES;
				CLANG_WARN_SUSPICIOUS_MOVE = YES;
				CLANG_WARN_UNGUARDED_AVAILABILITY = YES_AGGRESSIVE;
				CLANG_WARN_UNREACHABLE_CODE = YES;
				CLANG_WARN__DUPLICATE_METHOD_MATCH = YES;
				COPY_PHASE_STRIP = NO;
				DEBUG_INFORMATION_FORMAT = dwarf;
				ENABLE_STRICT_OBJC_MSGSEND = YES;
				ENABLE_TESTABILITY = YES;
				ENABLE_USER_SCRIPT_SANDBOXING = YES;
				GCC_C_LANGUAGE_STANDARD = gnu17;
				GCC_DYNAMIC_NO_PIC = NO;
				GCC_NO_COMMON_BLOCKS = YES;
				GCC_OPTIMIZATION_LEVEL = 0;
				GCC_PREPROCESSOR_DEFINITIONS = (
					"DEBUG=1",
					"$(inherited)",
				);
				GCC_WARN_64_TO_32_BIT_CONVERSION = YES;
				GCC_WARN_ABOUT_RETURN_TYPE = YES_ERROR;
				GCC_WARN_UNDECLARED_SELECTOR = YES;
				GCC_WARN_UNINITIALIZED_AUTOS = YES_AGGRESSIVE;
				GCC_WARN_UNUSED_FUNCTION = YES;
				GCC_WARN_UNUSED_VARIABLE = YES;
				IPHONEOS_DEPLOYMENT_TARGET = 17.0;
				LOCALIZATION_PREFERS_STRING_CATALOGS = YES;
				MTL_ENABLE_DEBUG_INFO = INCLUDE_SOURCE;
				MTL_FAST_MATH = YES;
				ONLY_ACTIVE_ARCH = YES;
				SDKROOT = iphoneos;
				SWIFT_ACTIVE_COMPILATION_CONDITIONS = "DEBUG $(inherited)";
				SWIFT_OPTIMIZATION_LEVEL = "-Onone";
			};
			name = Debug;
		};
		HH0002 /* Release */ = {
			isa = XCBuildConfiguration;
			buildSettings = {
				ALWAYS_SEARCH_USER_PATHS = NO;
				ASSETCATALOG_COMPILER_GENERATE_SWIFT_ASSET_SYMBOL_EXTENSIONS = YES;
				CLANG_ANALYZER_NONNULL = YES;
				CLANG_ANALYZER_NUMBER_OBJECT_CONVERSION = YES_AGGRESSIVE;
				CLANG_CXX_LANGUAGE_STANDARD = "gnu++20";
				CLANG_ENABLE_MODULES = YES;
				CLANG_ENABLE_OBJC_ARC = YES;
				CLANG_ENABLE_OBJC_WEAK = YES;
				CLANG_WARN_BLOCK_CAPTURE_AUTORELEASING = YES;
				CLANG_WARN_BOOL_CONVERSION = YES;
				CLANG_WARN_COMMA = YES;
				CLANG_WARN_CONSTANT_CONVERSION = YES;
				CLANG_WARN_DEPRECATED_OBJC_IMPLEMENTATIONS = YES;
				CLANG_WARN_DIRECT_OBJC_ISA_USAGE = YES_ERROR;
				CLANG_WARN_DOCUMENTATION_COMMENTS = YES;
				CLANG_WARN_EMPTY_BODY = YES;
				CLANG_WARN_ENUM_CONVERSION = YES;
				CLANG_WARN_INFINITE_RECURSION = YES;
				CLANG_WARN_INT_CONVERSION = YES;
				CLANG_WARN_NON_LITERAL_NULL_CONVERSION = YES;
				CLANG_WARN_OBJC_IMPLICIT_RETAIN_SELF = YES;
				CLANG_WARN_OBJC_LITERAL_CONVERSION = YES;
				CLANG_WARN_OBJC_ROOT_CLASS = YES_ERROR;
				CLANG_WARN_QUOTED_INCLUDE_IN_FRAMEWORK_HEADER = YES;
				CLANG_WARN_RANGE_LOOP_ANALYSIS = YES;
				CLANG_WARN_STRICT_PROTOTYPES = YES;
				CLANG_WARN_SUSPICIOUS_MOVE = YES;
				CLANG_WARN_UNGUARDED_AVAILABILITY = YES_AGGRESSIVE;
				CLANG_WARN_UNREACHABLE_CODE = YES;
				CLANG_WARN__DUPLICATE_METHOD_MATCH = YES;
				COPY_PHASE_STRIP = NO;
				DEBUG_INFORMATION_FORMAT = "dwarf-with-dsym";
				ENABLE_NS_ASSERTIONS = NO;
				ENABLE_STRICT_OBJC_MSGSEND = YES;
				ENABLE_USER_SCRIPT_SANDBOXING = YES;
				GCC_C_LANGUAGE_STANDARD = gnu17;
				GCC_NO_COMMON_BLOCKS = YES;
				GCC_WARN_64_TO_32_BIT_CONVERSION = YES;
				GCC_WARN_ABOUT_RETURN_TYPE = YES_ERROR;
				GCC_WARN_UNDECLARED_SELECTOR = YES;
				GCC_WARN_UNINITIALIZED_AUTOS = YES_AGGRESSIVE;
				GCC_WARN_UNUSED_FUNCTION = YES;
				GCC_WARN_UNUSED_VARIABLE = YES;
				IPHONEOS_DEPLOYMENT_TARGET = 17.0;
				LOCALIZATION_PREFERS_STRING_CATALOGS = YES;
				MTL_ENABLE_DEBUG_INFO = NO;
				MTL_FAST_MATH = YES;
				SDKROOT = iphoneos;
				SWIFT_COMPILATION_MODE = wholemodule;
				VALIDATE_PRODUCT = YES;
			};
			name = Release;
		};
		HH0003 /* Debug */ = {
			isa = XCBuildConfiguration;
			buildSettings = {
				ASSETCATALOG_COMPILER_APPICON_NAME = AppIcon;
				ASSETCATALOG_COMPILER_GLOBAL_ACCENT_COLOR_NAME = AccentColor;
				CODE_SIGN_STYLE = Automatic;
				CURRENT_PROJECT_VERSION = 1;
				DEVELOPMENT_ASSET_PATHS = "\"FemFit/Preview Content\"";
				ENABLE_PREVIEWS = YES;
				GENERATE_INFOPLIST_FILE = YES;
				INFOPLIST_KEY_UIApplicationSceneManifest_Generation = YES;
				INFOPLIST_KEY_UIApplicationSupportsIndirectInputEvents = YES;
				INFOPLIST_KEY_UILaunchScreen_Generation = YES;
				INFOPLIST_KEY_UISupportedInterfaceOrientations_iPad = "UIInterfaceOrientationPortrait UIInterfaceOrientationPortraitUpsideDown UIInterfaceOrientationLandscapeLeft UIInterfaceOrientationLandscapeRight";
				INFOPLIST_KEY_UISupportedInterfaceOrientations_iPhone = "UIInterfaceOrientationPortrait UIInterfaceOrientationLandscapeLeft UIInterfaceOrientationLandscapeRight";
				LD_RUNPATH_SEARCH_PATHS = (
					"$(inherited)",
					"@executable_path/Frameworks",
				);
				MARKETING_VERSION = 1.0;
				PRODUCT_BUNDLE_IDENTIFIER = com.femfit.app;
				PRODUCT_NAME = "$(TARGET_NAME)";
				SWIFT_EMIT_LOC_STRINGS = YES;
				SWIFT_VERSION = 5.0;
				TARGETED_DEVICE_FAMILY = "1,2";
			};
			name = Debug;
		};
		HH0004 /* Release */ = {
			isa = XCBuildConfiguration;
			buildSettings = {
				ASSETCATALOG_COMPILER_APPICON_NAME = AppIcon;
				ASSETCATALOG_COMPILER_GLOBAL_ACCENT_COLOR_NAME = AccentColor;
				CODE_SIGN_STYLE = Automatic;
				CURRENT_PROJECT_VERSION = 1;
				DEVELOPMENT_ASSET_PATHS = "\"FemFit/Preview Content\"";
				ENABLE_PREVIEWS = YES;
				GENERATE_INFOPLIST_FILE = YES;
				INFOPLIST_KEY_UIApplicationSceneManifest_Generation = YES;
				INFOPLIST_KEY_UIApplicationSupportsIndirectInputEvents = YES;
				INFOPLIST_KEY_UILaunchScreen_Generation = YES;
				INFOPLIST_KEY_UISupportedInterfaceOrientations_iPad = "UIInterfaceOrientationPortrait UIInterfaceOrientationPortraitUpsideDown UIInterfaceOrientationLandscapeLeft UIInterfaceOrientationLandscapeRight";
				INFOPLIST_KEY_UISupportedInterfaceOrientations_iPhone = "UIInterfaceOrientationPortrait UIInterfaceOrientationLandscapeLeft UIInterfaceOrientationLandscapeRight";
				LD_RUNPATH_SEARCH_PATHS = (
					"$(inherited)",
					"@executable_path/Frameworks",
				);
				MARKETING_VERSION = 1.0;
				PRODUCT_BUNDLE_IDENTIFIER = com.femfit.app;
				PRODUCT_NAME = "$(TARGET_NAME)";
				SWIFT_EMIT_LOC_STRINGS = YES;
				SWIFT_VERSION = 5.0;
				TARGETED_DEVICE_FAMILY = "1,2";
			};
			name = Release;
		};
/* End XCBuildConfiguration section */

/* Begin XCConfigurationList section */
		FF0002 /* Build configuration list for PBXNativeTarget "FemFit" */ = {
			isa = XCConfigurationList;
			buildConfigurations = (
				HH0003 /* Debug */,
				HH0004 /* Release */,
			);
			defaultConfigurationIsVisible = 0;
			defaultConfigurationName = Release;
		};
		GG0002 /* Build configuration list for PBXProject "FemFit" */ = {
			isa = XCConfigurationList;
			buildConfigurations = (
				HH0001 /* Debug */,
				HH0002 /* Release */,
			);
			defaultConfigurationIsVisible = 0;
			defaultConfigurationName = Release;
		};
/* End XCConfigurationList section */
	};
	rootObject = GG0001 /* Project object */;
}